
Microsoft Visual Studio Solution File, Format Version 12.00
# Visual Studio Version 17
VisualStudioVersion = 17.9.34728.123
MinimumVisualStudioVersion = 10.0.40219.1
Project("{FAE04EC0-301F-11D3-BF4B-00C04F79EFBC}") = "Game", "Game.csproj", "{AF840A4D-8324-488E-9096-89DAC8C4A046}"
EndProject
Global
	GlobalSection(SolutionConfigurationPlatforms) = preSolution
		Debug|Any CPU = Debug|Any CPU
		Release|Any CPU = Release|Any CPU
	EndGlobalSection
	GlobalSection(ProjectConfigurationPlatforms) = postSolution
		{AF840A4D-8324-488E-9096-89DAC8C4A046}.Debug|Any CPU.ActiveCfg = Debug|Any CPU
		{AF840A4D-8324-488E-9096-89DAC8C4A046}.Debug|Any CPU.Build.0 = Debug|Any CPU
		{AF840A4D-8324-488E-9096-89DAC8C4A046}.Release|Any CPU.ActiveCfg = Release|Any CPU
		{AF840A4D-8324-488E-9096-89DAC8C4A046}.Release|Any CPU.Build.0 = Release|Any CPU
	EndGlobalSection
	GlobalSection(SolutionProperties) = preSolution
		HideSolutionNode = FALSE
	EndGlobalSection
	GlobalSection(ExtensibilityGlobals) = postSolution
		SolutionGuid = {79E75FF8-76C1-4351-AC3B-A01592965863}
	EndGlobalSection
EndGlobal
